
Microsoft Visual Studio Solution File, Format Version 12.00
# Visual Studio 2017
Project("{FAE04EC0-301F-11D3-BF4B-00C04F79EFBC}") = "ChangeBlindness.Plugins", "ChangeBlindness.Plugins.csproj", "{7A797C6A-1641-0885-426A-6E0306424A02}"
EndProject
Project("{FAE04EC0-301F-11D3-BF4B-00C04F79EFBC}") = "ChangeBlindness", "ChangeBlindness.csproj", "{D7EAB034-E7A7-051A-F00C-889AB72CC696}"
EndProject
Project("{FAE04EC0-301F-11D3-BF4B-00C04F79EFBC}") = "ChangeBlindness.Editor.Plugins", "ChangeBlindness.Editor.Plugins.csproj", "{6FE0B582-0529-3B9D-58A1-9223F63DF56A}"
EndProject
Global
	GlobalSection(SolutionConfigurationPlatforms) = preSolution
		Debug|Any CPU = Debug|Any CPU
		Release|Any CPU = Release|Any CPU
	EndGlobalSection
	GlobalSection(ProjectConfigurationPlatforms) = postSolution
		{7A797C6A-1641-0885-426A-6E0306424A02}.Debug|Any CPU.ActiveCfg = Debug|Any CPU
		{7A797C6A-1641-0885-426A-6E0306424A02}.Debug|Any CPU.Build.0 = Debug|Any CPU
		{7A797C6A-1641-0885-426A-6E0306424A02}.Release|Any CPU.ActiveCfg = Release|Any CPU
		{7A797C6A-1641-0885-426A-6E0306424A02}.Release|Any CPU.Build.0 = Release|Any CPU
		{D7EAB034-E7A7-051A-F00C-889AB72CC696}.Debug|Any CPU.ActiveCfg = Debug|Any CPU
		{D7EAB034-E7A7-051A-F00C-889AB72CC696}.Debug|Any CPU.Build.0 = Debug|Any CPU
		{D7EAB034-E7A7-051A-F00C-889AB72CC696}.Release|Any CPU.ActiveCfg = Release|Any CPU
		{D7EAB034-E7A7-051A-F00C-889AB72CC696}.Release|Any CPU.Build.0 = Release|Any CPU
		{6FE0B582-0529-3B9D-58A1-9223F63DF56A}.Debug|Any CPU.ActiveCfg = Debug|Any CPU
		{6FE0B582-0529-3B9D-58A1-9223F63DF56A}.Debug|Any CPU.Build.0 = Debug|Any CPU
		{6FE0B582-0529-3B9D-58A1-9223F63DF56A}.Release|Any CPU.ActiveCfg = Release|Any CPU
		{6FE0B582-0529-3B9D-58A1-9223F63DF56A}.Release|Any CPU.Build.0 = Release|Any CPU
	EndGlobalSection
	GlobalSection(SolutionProperties) = preSolution
		HideSolutionNode = FALSE
	EndGlobalSection
EndGlobal
